
Microsoft Visual Studio Solution File, Format Version 12.00
# Visual Studio Version 17
VisualStudioVersion = 17.11.35327.3
MinimumVisualStudioVersion = 10.0.40219.1
Project("{FAE04EC0-301F-11D3-BF4B-00C04F79EFBC}") = "BtlCalc1", "BtlCalc1\BtlCalc1.csproj", "{D3F76BC8-0474-4269-A6D2-A9A827F1DF27}"
EndProject
Global
	GlobalSection(SolutionConfigurationPlatforms) = preSolution
		Debug|Any CPU = Debug|Any CPU
		Release|Any CPU = Release|Any CPU
	EndGlobalSection
	GlobalSection(ProjectConfigurationPlatforms) = postSolution
		{D3F76BC8-0474-4269-A6D2-A9A827F1DF27}.Debug|Any CPU.ActiveCfg = Debug|Any CPU
		{D3F76BC8-0474-4269-A6D2-A9A827F1DF27}.Debug|Any CPU.Build.0 = Debug|Any CPU
		{D3F76BC8-0474-4269-A6D2-A9A827F1DF27}.Release|Any CPU.ActiveCfg = Release|Any CPU
		{D3F76BC8-0474-4269-A6D2-A9A827F1DF27}.Release|Any CPU.Build.0 = Release|Any CPU
	EndGlobalSection
	GlobalSection(SolutionProperties) = preSolution
		HideSolutionNode = FALSE
	EndGlobalSection
	GlobalSection(ExtensibilityGlobals) = postSolution
		SolutionGuid = {A215F6EF-2E5E-4B58-B7F6-2908DD1E7876}
	EndGlobalSection
EndGlobal
